# This file was autogenerated by Stack.
# You should not edit this file by hand.
# For more information, please see the documentation at:
#   https://docs.haskellstack.org/en/stable/lock_files

packages:
- completed:
    hackage: group-theory-0.2.2@sha256:7b6b12e8dc5d8e05a6f9d745a574caacf3b97dd30056af5c7ad37a87e9cf5160,2211
    pantry-tree:
      sha256: 70ed9919c2a4ca77f1c7b4896c1f3e9008dbfef3c2665d2c7e99de84845025e1
      size: 1143
  original:
    hackage: group-theory-0.2.2
- completed:
    hackage: bitvec-1.1.5.0@sha256:7c5639f95c8ce9d5be810152bfcaf701aac3b7d7f08685a869c7eda63dc2cd76,4734
    pantry-tree:
      sha256: c7fae53663e417bbb21ce80662bc3ebe8c49ed9a27f95ffdd340813515b3f29f
      size: 2507
  original:
    hackage: bitvec-1.1.5.0
- completed:
    hackage: semirings-0.6@sha256:cc8767bc62b9ff7bbef070ac206b070b173a8612a781eff2d87a14a01cf406b0,2668
    pantry-tree:
      sha256: b1051b00287ab6d6617fd77248029eea2e556f949c2bf89b64883c457d56005c
      size: 610
  original:
    hackage: semirings-0.6
- completed:
    hackage: groups-0.5.3@sha256:b536d995c65281f5b891a694213fe4abce2fcee71ebda08bb9ec9e334cdcc741,692
    pantry-tree:
      sha256: 4c008c3507747308c0fe6732922e0dd4736685c35b35251358a28cf2d56ade98
      size: 207
  original:
    hackage: groups-0.5.3
- completed:
    hackage: modular-arithmetic-2.0.0.3@sha256:2fa424db61ef94cb9f0ae28665c6dbd76b0c910cc34d8bb0d6971bfbca80b956,1659
    pantry-tree:
      sha256: b44a61dc5cbed6ca6fdadfbb95546d01af3cb55a08bfbe43c21b13d0e1be18f4
      size: 383
  original:
    hackage: modular-arithmetic-2.0.0.3
- completed:
    hackage: poly-0.5.1.0@sha256:8c574f017913982fd70567545bec423823ff5bdf236c19d1443f3af47e0218ba,3418
    pantry-tree:
      sha256: e59a1e3809fee49968cf9505edf849109d733e4e795b49e2d5fdef1a4993c31d
      size: 2531
  original:
    hackage: poly-0.5.1.0
- completed:
    hackage: mod-0.2.0.1@sha256:eeb316fef3a8c12f4e83bbeeea748e74d75fca54d4498d574ace92e464adb05a,2409
    pantry-tree:
      sha256: d469d7e415c1593f052d3ca647e4085ab759be378d25ca7d2eea0aab0083ce38
      size: 590
  original:
    hackage: mod-0.2.0.1
- completed:
    hackage: MonadRandom-0.6@sha256:039a76b6bcd714188d84f0f63c380440eb3fec9956777a74e4b8dcd4bda0e843,1511
    pantry-tree:
      sha256: a5277a93af60c94c60fd57cb985a069a442a0348db8c8f5781d49a9996d9a48c
      size: 709
  original:
    hackage: MonadRandom-0.6
- completed:
    hackage: QuickCheck-2.14.3@sha256:f03d2f404d5ba465453d0fbc1944832789a759fe7c4f9bf8616bc1378a02fde4,7847
    pantry-tree:
      sha256: e920d61bcc10ef2aee0cc3e2a216d05b8491564ad27c1c5e2fbbb221b00b7f8e
      size: 2315
  original:
    hackage: QuickCheck-2.14.3
snapshots:
- completed:
    sha256: 1b4c2669e26fa828451830ed4725e4d406acc25a1fa24fcc039465dd13d7a575
    size: 714100
    url: https://raw.githubusercontent.com/commercialhaskell/stackage-snapshots/master/lts/22/6.yaml
  original:
    url: https://raw.githubusercontent.com/commercialhaskell/stackage-snapshots/master/lts/22/6.yaml
